
Microsoft Visual Studio Solution File, Format Version 12.00
# Visual Studio Version 17
VisualStudioVersion = 17.11.35431.28
MinimumVisualStudioVersion = 10.0.40219.1
Project("{9A19103F-16F7-4668-BE54-9A1E7A4F7556}") = "ProyectoEval1", "ProyectoEval1\ProyectoEval1.csproj", "{CEAD9A32-4221-46F8-B3DE-06A59BB9C3F9}"
EndProject
Global
	GlobalSection(SolutionConfigurationPlatforms) = preSolution
		Debug|Any CPU = Debug|Any CPU
		Release|Any CPU = Release|Any CPU
	EndGlobalSection
	GlobalSection(ProjectConfigurationPlatforms) = postSolution
		{CEAD9A32-4221-46F8-B3DE-06A59BB9C3F9}.Debug|Any CPU.ActiveCfg = Debug|Any CPU
		{CEAD9A32-4221-46F8-B3DE-06A59BB9C3F9}.Debug|Any CPU.Build.0 = Debug|Any CPU
		{CEAD9A32-4221-46F8-B3DE-06A59BB9C3F9}.Release|Any CPU.ActiveCfg = Release|Any CPU
		{CEAD9A32-4221-46F8-B3DE-06A59BB9C3F9}.Release|Any CPU.Build.0 = Release|Any CPU
	EndGlobalSection
	GlobalSection(SolutionProperties) = preSolution
		HideSolutionNode = FALSE
	EndGlobalSection
	GlobalSection(ExtensibilityGlobals) = postSolution
		SolutionGuid = {B73CA56A-BDB9-4EBE-B367-2CDA34D2D453}
	EndGlobalSection
EndGlobal
